lockfileVersion: '9.0'

settings:
  autoInstallPeers: true
  excludeLinksFromLockfile: false

importers:

  .:
    dependencies:
      cheerio:
        specifier: ^1.0.0
        version: 1.0.0
      dotenv:
        specifier: ^16.4.5
        version: 16.4.5
      puppeteer-extra:
        specifier: ^3.3.6
        version: 3.3.6
      puppeteer-extra-plugin-stealth:
        specifier: ^2.11.2
        version: 2.11.2(puppeteer-extra@3.3.6)

packages:

  '@types/debug@4.1.12':
    resolution: {integrity: sha512-vIChWdVG3LG1SMxEvI/AK+FWJthlrqlTu7fbrlywTkkaONwk/UAGaULXRlf8vkzFBLVm0zkMdCquhL5aOjhXPQ==}

  '@types/ms@0.7.34':
    resolution: {integrity: sha512-nG96G3Wp6acyAgJqGasjODb+acrI7KltPiRxzHPXnP3NgI28bpQDRv53olbqGXbfcgF5aiiHmO3xpwEpS5Ld9g==}

  arr-union@3.1.0:
    resolution: {integrity: sha512-sKpyeERZ02v1FeCZT8lrfJq5u6goHCtpTAzPwJYe7c8SPFOboNjNg1vz2L4VTn9T4PQxEx13TbXLmYUcS6Ug7Q==}
    engines: {node: '>=0.10.0'}

  balanced-match@1.0.2:
    resolution: {integrity: sha512-3oSeUO0TMV67hN1AmbXsK4yaqU7tjiHlbxRDZOpH0KW9+CeX4bRAaX0Anxt0tx2MrpRpWwQaPwIlISEJhYU5Pw==}

  boolbase@1.0.0:
    resolution: {integrity: sha512-JZOSA7Mo9sNGB8+UjSgzdLtokWAky1zbztM3WRLCbZ70/3cTANmQmOdR7y2g+J0e2WXywy1yS468tY+IruqEww==}

  brace-expansion@1.1.11:
    resolution: {integrity: sha512-iCuPHDFgrHX7H2vEI/5xpz07zSHB00TpugqhmYtVmMO6518mCuRMoOYFldEBl0g187ufozdaHgWKcYFb61qGiA==}

  cheerio-select@2.1.0:
    resolution: {integrity: sha512-9v9kG0LvzrlcungtnJtpGNxY+fzECQKhK4EGJX2vByejiMX84MFNQw4UxPJl3bFbTMw+Dfs37XaIkCwTZfLh4g==}

  cheerio@1.0.0:
    resolution: {integrity: sha512-quS9HgjQpdaXOvsZz82Oz7uxtXiy6UIsIQcpBj7HRw2M63Skasm9qlDocAM7jNuaxdhpPU7c4kJN+gA5MCu4ww==}
    engines: {node: '>=18.17'}

  clone-deep@0.2.4:
    resolution: {integrity: sha512-we+NuQo2DHhSl+DP6jlUiAhyAjBQrYnpOk15rN6c6JSPScjiCLh8IbSU+VTcph6YS3o7mASE8a0+gbZ7ChLpgg==}
    engines: {node: '>=0.10.0'}

  concat-map@0.0.1:
    resolution: {integrity: sha512-/Srv4dswyQNBfohGpz9o6Yb3Gz3SrUDqBH5rTuhGR7ahtlbYKnVxw2bCFMRljaA7EXHaXZ8wsHdodFvbkhKmqg==}

  css-select@5.1.0:
    resolution: {integrity: sha512-nwoRF1rvRRnnCqqY7updORDsuqKzqYJ28+oSMaJMMgOauh3fvwHqMS7EZpIPqK8GL+g9mKxF1vP/ZjSeNjEVHg==}

  css-what@6.1.0:
    resolution: {integrity: sha512-HTUrgRJ7r4dsZKU6GjmpfRK1O76h97Z8MfS1G0FozR+oF2kG6Vfe8JE6zwrkbxigziPHinCJ+gCPjA9EaBDtRw==}
    engines: {node: '>= 6'}

  debug@4.3.7:
    resolution: {integrity: sha512-Er2nc/H7RrMXZBFCEim6TCmMk02Z8vLC2Rbi1KEBggpo0fS6l0S1nnapwmIi3yW/+GOJap1Krg4w0Hg80oCqgQ==}
    engines: {node: '>=6.0'}
    peerDependencies:
      supports-color: '*'
    peerDependenciesMeta:
      supports-color:
        optional: true

  deepmerge@4.3.1:
    resolution: {integrity: sha512-3sUqbMEc77XqpdNO7FRyRog+eW3ph+GYCbj+rK+uYyRMuwsVy0rMiVtPn+QJlKFvWP/1PYpapqYn0Me2knFn+A==}
    engines: {node: '>=0.10.0'}

  dom-serializer@2.0.0:
    resolution: {integrity: sha512-wIkAryiqt/nV5EQKqQpo3SToSOV9J0DnbJqwK7Wv/Trc92zIAYZ4FlMu+JPFW1DfGFt81ZTCGgDEabffXeLyJg==}

  domelementtype@2.3.0:
    resolution: {integrity: sha512-OLETBj6w0OsagBwdXnPdN0cnMfF9opN69co+7ZrbfPGrdpPVNBUj02spi6B1N7wChLQiPn4CSH/zJvXw56gmHw==}

  domhandler@5.0.3:
    resolution: {integrity: sha512-cgwlv/1iFQiFnU96XXgROh8xTeetsnJiDsTc7TYCLFd9+/WNkIqPTxiM/8pSd8VIrhXGTf1Ny1q1hquVqDJB5w==}
    engines: {node: '>= 4'}

  domutils@3.1.0:
    resolution: {integrity: sha512-H78uMmQtI2AhgDJjWeQmHwJJ2bLPD3GMmO7Zja/ZZh84wkm+4ut+IUnUdRa8uCGX88DiVx1j6FRe1XfxEgjEZA==}

  dotenv@16.4.5:
    resolution: {integrity: sha512-ZmdL2rui+eB2YwhsWzjInR8LldtZHGDoQ1ugH85ppHKwpUHL7j7rN0Ti9NCnGiQbhaZ11FpR+7ao1dNsmduNUg==}
    engines: {node: '>=12'}

  encoding-sniffer@0.2.0:
    resolution: {integrity: sha512-ju7Wq1kg04I3HtiYIOrUrdfdDvkyO9s5XM8QAj/bN61Yo/Vb4vgJxy5vi4Yxk01gWHbrofpPtpxM8bKger9jhg==}

  entities@4.5.0:
    resolution: {integrity: sha512-V0hjH4dGPh9Ao5p0MoRY6BVqtwCjhz6vI5LT8AJ55H+4g9/4vbHx1I54fS0XuclLhDHArPQCiMjDxjaL8fPxhw==}
    engines: {node: '>=0.12'}

  for-in@0.1.8:
    resolution: {integrity: sha512-F0to7vbBSHP8E3l6dCjxNOLuSFAACIxFy3UehTUlG7svlXi37HHsDkyVcHo0Pq8QwrE+pXvWSVX3ZT1T9wAZ9g==}
    engines: {node: '>=0.10.0'}

  for-in@1.0.2:
    resolution: {integrity: sha512-7EwmXrOjyL+ChxMhmG5lnW9MPt1aIeZEwKhQzoBUdTV0N3zuwWDZYVJatDvZ2OyzPUvdIAZDsCetk3coyMfcnQ==}
    engines: {node: '>=0.10.0'}

  for-own@0.1.5:
    resolution: {integrity: sha512-SKmowqGTJoPzLO1T0BBJpkfp3EMacCMOuH40hOUbrbzElVktk4DioXVM99QkLCyKoiuOmyjgcWMpVz2xjE7LZw==}
    engines: {node: '>=0.10.0'}

  fs-extra@10.1.0:
    resolution: {integrity: sha512-oRXApq54ETRj4eMiFzGnHWGy+zo5raudjuxN0b8H7s/RU2oW0Wvsx9O0ACRN/kRq9E8Vu/ReskGB5o3ji+FzHQ==}
    engines: {node: '>=12'}

  fs.realpath@1.0.0:
    resolution: {integrity: sha512-OO0pH2lK6a0hZnAdau5ItzHPI6pUlvI7jMVnxUQRtw4owF2wk8lOSabtGDCTP4Ggrg2MbGnWO9X8K1t4+fGMDw==}

  glob@7.2.3:
    resolution: {integrity: sha512-nFR0zLpU2YCaRxwoCJvL6UvCH2JFyFVIvwTLsIf21AuHlMskA1hhTdk+LlYJtOlYt9v6dvszD2BGRqBL+iQK9Q==}
    deprecated: Glob versions prior to v9 are no longer supported

  graceful-fs@4.2.11:
    resolution: {integrity: sha512-RbJ5/jmFcNNCcDV5o9eTnBLJ/HszWV0P73bc+Ff4nS/rJj+YaS6IGyiOL0VoBYX+l1Wrl3k63h/KrH+nhJ0XvQ==}

  htmlparser2@9.1.0:
    resolution: {integrity: sha512-5zfg6mHUoaer/97TxnGpxmbR7zJtPwIYFMZ/H5ucTlPZhKvtum05yiPK3Mgai3a0DyVxv7qYqoweaEd2nrYQzQ==}

  iconv-lite@0.6.3:
    resolution: {integrity: sha512-4fCk79wshMdzMp2rH06qWrJE4iolqLhCUH+OiuIgU++RB0+94NlDL81atO7GX55uUKueo0txHNtvEyI6D7WdMw==}
    engines: {node: '>=0.10.0'}

  inflight@1.0.6:
    resolution: {integrity: sha512-k92I/b08q4wvFscXCLvqfsHCrjrF7yiXsQuIVvVE7N82W3+aqpzuUdBbfhWcy/FZR3/4IgflMgKLOsvPDrGCJA==}
    deprecated: This module is not supported, and leaks memory. Do not use it. Check out lru-cache if you want a good and tested way to coalesce async requests by a key value, which is much more comprehensive and powerful.

  inherits@2.0.4:
    resolution: {integrity: sha512-k/vGaX4/Yla3WzyMCvTQOXYeIHvqOKtnqBduzTHpzpQZzAskKMhZ2K+EnBiSM9zGSoIFeMpXKxa4dYeZIQqewQ==}

  is-buffer@1.1.6:
    resolution: {integrity: sha512-NcdALwpXkTm5Zvvbk7owOUSvVvBKDgKP5/ewfXEznmQFfs4ZRmanOeKBTjRVjka3QFoN6XJ+9F3USqfHqTaU5w==}

  is-extendable@0.1.1:
    resolution: {integrity: sha512-5BMULNob1vgFX6EjQw5izWDxrecWK9AM72rugNr0TFldMOi0fj6Jk+zeKIt0xGj4cEfQIJth4w3OKWOJ4f+AFw==}
    engines: {node: '>=0.10.0'}

  is-plain-object@2.0.4:
    resolution: {integrity: sha512-h5PpgXkWitc38BBMYawTYMWJHFZJVnBquFE57xFpjB8pJFiF6gZ+bU+WyI/yqXiFR5mdLsgYNaPe8uao6Uv9Og==}
    engines: {node: '>=0.10.0'}

  isobject@3.0.1:
    resolution: {integrity: sha512-WhB9zCku7EGTj/HQQRz5aUQEUeoQZH2bWcltRErOpymJ4boYE6wL9Tbr23krRPSZ+C5zqNSrSw+Cc7sZZ4b7vg==}
    engines: {node: '>=0.10.0'}

  jsonfile@6.1.0:
    resolution: {integrity: sha512-5dgndWOriYSm5cnYaJNhalLNDKOqFwyDB/rr1E9ZsGciGvKPs8R2xYGCacuf3z6K1YKDz182fd+fY3cn3pMqXQ==}

  kind-of@2.0.1:
    resolution: {integrity: sha512-0u8i1NZ/mg0b+W3MGGw5I7+6Eib2nx72S/QvXa0hYjEkjTknYmEYQJwGu3mLC0BrhtJjtQafTkyRUQ75Kx0LVg==}
    engines: {node: '>=0.10.0'}

  kind-of@3.2.2:
    resolution: {integrity: sha512-NOW9QQXMoZGg/oqnVNoNTTIFEIid1627WCffUBJEdMxYApq7mNE7CpzucIPc+ZQg25Phej7IJSmX3hO+oblOtQ==}
    engines: {node: '>=0.10.0'}

  lazy-cache@0.2.7:
    resolution: {integrity: sha512-gkX52wvU/R8DVMMt78ATVPFMJqfW8FPz1GZ1sVHBVQHmu/WvhIWE4cE1GBzhJNFicDeYhnwp6Rl35BcAIM3YOQ==}
    engines: {node: '>=0.10.0'}

  lazy-cache@1.0.4:
    resolution: {integrity: sha512-RE2g0b5VGZsOCFOCgP7omTRYFqydmZkBwl5oNnQ1lDYC57uyO9KqNnNVxT7COSHTxrRCWVcAVOcbjk+tvh/rgQ==}
    engines: {node: '>=0.10.0'}

  merge-deep@3.0.3:
    resolution: {integrity: sha512-qtmzAS6t6grwEkNrunqTBdn0qKwFgNWvlxUbAV8es9M7Ot1EbyApytCnvE0jALPa46ZpKDUo527kKiaWplmlFA==}
    engines: {node: '>=0.10.0'}

  minimatch@3.1.2:
    resolution: {integrity: sha512-J7p63hRiAjw1NDEww1W7i37+ByIrOWO5XQQAzZ3VOcL0PNybwpfmV/N05zFAzwQ9USyEcX6t3UO+K5aqBQOIHw==}

  mixin-object@2.0.1:
    resolution: {integrity: sha512-ALGF1Jt9ouehcaXaHhn6t1yGWRqGaHkPFndtFVHfZXOvkIZ/yoGaSi0AHVTafb3ZBGg4dr/bDwnaEKqCXzchMA==}
    engines: {node: '>=0.10.0'}

  ms@2.1.3:
    resolution: {integrity: sha512-6FlzubTLZG3J2a/NVCAleEhjzq5oxgHyaCU9yYXvcLsvoVaHJq/s5xXI6/XXP6tz7R9xAOtHnSO/tXtF3WRTlA==}

  nth-check@2.1.1:
    resolution: {integrity: sha512-lqjrjmaOoAnWfMmBPL+XNnynZh2+swxiX3WUE0s4yEHI6m+AwrK2UZOimIRl3X/4QctVqS8AiZjFqyOGrMXb/w==}

  once@1.4.0:
    resolution: {integrity: sha512-lNaJgI+2Q5URQBkccEKHTQOPaXdUxnZZElQTZY0MFUAuaEqe1E+Nyvgdz/aIyNi6Z9MzO5dv1H8n58/GELp3+w==}

  parse5-htmlparser2-tree-adapter@7.0.0:
    resolution: {integrity: sha512-B77tOZrqqfUfnVcOrUvfdLbz4pu4RopLD/4vmu3HUPswwTA8OH0EMW9BlWR2B0RCoiZRAHEUu7IxeP1Pd1UU+g==}

  parse5-parser-stream@7.1.2:
    resolution: {integrity: sha512-JyeQc9iwFLn5TbvvqACIF/VXG6abODeB3Fwmv/TGdLk2LfbWkaySGY72at4+Ty7EkPZj854u4CrICqNk2qIbow==}

  parse5@7.1.2:
    resolution: {integrity: sha512-Czj1WaSVpaoj0wbhMzLmWD69anp2WH7FXMB9n1Sy8/ZFF9jolSQVMu1Ij5WIyGmcBmhk7EOndpO4mIpihVqAXw==}

  path-is-absolute@1.0.1:
    resolution: {integrity: sha512-AVbw3UJ2e9bq64vSaS9Am0fje1Pa8pbGqTTsmXfaIiMpnr5DlDhfJOuLj9Sf95ZPVDAUerDfEk88MPmPe7UCQg==}
    engines: {node: '>=0.10.0'}

  puppeteer-extra-plugin-stealth@2.11.2:
    resolution: {integrity: sha512-bUemM5XmTj9i2ZerBzsk2AN5is0wHMNE6K0hXBzBXOzP5m5G3Wl0RHhiqKeHToe/uIH8AoZiGhc1tCkLZQPKTQ==}
    engines: {node: '>=8'}
    peerDependencies:
      playwright-extra: '*'
      puppeteer-extra: '*'
    peerDependenciesMeta:
      playwright-extra:
        optional: true
      puppeteer-extra:
        optional: true

  puppeteer-extra-plugin-user-data-dir@2.4.1:
    resolution: {integrity: sha512-kH1GnCcqEDoBXO7epAse4TBPJh9tEpVEK/vkedKfjOVOhZAvLkHGc9swMs5ChrJbRnf8Hdpug6TJlEuimXNQ+g==}
    engines: {node: '>=8'}
    peerDependencies:
      playwright-extra: '*'
      puppeteer-extra: '*'
    peerDependenciesMeta:
      playwright-extra:
        optional: true
      puppeteer-extra:
        optional: true

  puppeteer-extra-plugin-user-preferences@2.4.1:
    resolution: {integrity: sha512-i1oAZxRbc1bk8MZufKCruCEC3CCafO9RKMkkodZltI4OqibLFXF3tj6HZ4LZ9C5vCXZjYcDWazgtY69mnmrQ9A==}
    engines: {node: '>=8'}
    peerDependencies:
      playwright-extra: '*'
      puppeteer-extra: '*'
    peerDependenciesMeta:
      playwright-extra:
        optional: true
      puppeteer-extra:
        optional: true

  puppeteer-extra-plugin@3.2.3:
    resolution: {integrity: sha512-6RNy0e6pH8vaS3akPIKGg28xcryKscczt4wIl0ePciZENGE2yoaQJNd17UiEbdmh5/6WW6dPcfRWT9lxBwCi2Q==}
    engines: {node: '>=9.11.2'}
    peerDependencies:
      playwright-extra: '*'
      puppeteer-extra: '*'
    peerDependenciesMeta:
      playwright-extra:
        optional: true
      puppeteer-extra:
        optional: true

  puppeteer-extra@3.3.6:
    resolution: {integrity: sha512-rsLBE/6mMxAjlLd06LuGacrukP2bqbzKCLzV1vrhHFavqQE/taQ2UXv3H5P0Ls7nsrASa+6x3bDbXHpqMwq+7A==}
    engines: {node: '>=8'}
    peerDependencies:
      '@types/puppeteer': '*'
      puppeteer: '*'
      puppeteer-core: '*'
    peerDependenciesMeta:
      '@types/puppeteer':
        optional: true
      puppeteer:
        optional: true
      puppeteer-core:
        optional: true

  rimraf@3.0.2:
    resolution: {integrity: sha512-JZkJMZkAGFFPP2YqXZXPbMlMBgsxzE8ILs4lMIX/2o0L9UBw9O/Y3o6wFw/i9YLapcUJWwqbi3kdxIPdC62TIA==}
    deprecated: Rimraf versions prior to v4 are no longer supported
    hasBin: true

  safer-buffer@2.1.2:
    resolution: {integrity: sha512-YZo3K82SD7Riyi0E1EQPojLz7kpepnSQI9IyPbHHg1XXXevb5dJI7tpyN2ADxGcQbHG7vcyRHk0cbwqcQriUtg==}

  shallow-clone@0.1.2:
    resolution: {integrity: sha512-J1zdXCky5GmNnuauESROVu31MQSnLoYvlyEn6j2Ztk6Q5EHFIhxkMhYcv6vuDzl2XEzoRr856QwzMgWM/TmZgw==}
    engines: {node: '>=0.10.0'}

  undici@6.19.8:
    resolution: {integrity: sha512-U8uCCl2x9TK3WANvmBavymRzxbfFYG+tAu+fgx3zxQy3qdagQqBLwJVrdyO1TBfUXvfKveMKJZhpvUYoOjM+4g==}
    engines: {node: '>=18.17'}

  universalify@2.0.1:
    resolution: {integrity: sha512-gptHNQghINnc/vTGIk0SOFGFNXw7JVrlRUtConJRlvaw6DuX0wO5Jeko9sWrMBhh+PsYAZ7oXAiOnf/UKogyiw==}
    engines: {node: '>= 10.0.0'}

  whatwg-encoding@3.1.1:
    resolution: {integrity: sha512-6qN4hJdMwfYBtE3YBTTHhoeuUrDBPZmbQaxWAqSALV/MeEnR5z1xd8UKud2RAkFoPkmB+hli1TZSnyi84xz1vQ==}
    engines: {node: '>=18'}

  whatwg-mimetype@4.0.0:
    resolution: {integrity: sha512-QaKxh0eNIi2mE9p2vEdzfagOKHCcj1pJ56EEHGQOVxp8r9/iszLUUV7v89x9O1p/T+NlTM5W7jW6+cz4Fq1YVg==}
    engines: {node: '>=18'}

  wrappy@1.0.2:
    resolution: {integrity: sha512-l4Sp/DRseor9wL6EvV2+TuQn63dMkPjZ/sp9XkghTEbV9KlPS1xUsZ3u7/IQO4wxtcFB4bgpQPRcR3QCvezPcQ==}

snapshots:

  '@types/debug@4.1.12':
    dependencies:
      '@types/ms': 0.7.34

  '@types/ms@0.7.34': {}

  arr-union@3.1.0: {}

  balanced-match@1.0.2: {}

  boolbase@1.0.0: {}

  brace-expansion@1.1.11:
    dependencies:
      balanced-match: 1.0.2
      concat-map: 0.0.1

  cheerio-select@2.1.0:
    dependencies:
      boolbase: 1.0.0
      css-select: 5.1.0
      css-what: 6.1.0
      domelementtype: 2.3.0
      domhandler: 5.0.3
      domutils: 3.1.0

  cheerio@1.0.0:
    dependencies:
      cheerio-select: 2.1.0
      dom-serializer: 2.0.0
      domhandler: 5.0.3
      domutils: 3.1.0
      encoding-sniffer: 0.2.0
      htmlparser2: 9.1.0
      parse5: 7.1.2
      parse5-htmlparser2-tree-adapter: 7.0.0
      parse5-parser-stream: 7.1.2
      undici: 6.19.8
      whatwg-mimetype: 4.0.0

  clone-deep@0.2.4:
    dependencies:
      for-own: 0.1.5
      is-plain-object: 2.0.4
      kind-of: 3.2.2
      lazy-cache: 1.0.4
      shallow-clone: 0.1.2

  concat-map@0.0.1: {}

  css-select@5.1.0:
    dependencies:
      boolbase: 1.0.0
      css-what: 6.1.0
      domhandler: 5.0.3
      domutils: 3.1.0
      nth-check: 2.1.1

  css-what@6.1.0: {}

  debug@4.3.7:
    dependencies:
      ms: 2.1.3

  deepmerge@4.3.1: {}

  dom-serializer@2.0.0:
    dependencies:
      domelementtype: 2.3.0
      domhandler: 5.0.3
      entities: 4.5.0

  domelementtype@2.3.0: {}

  domhandler@5.0.3:
    dependencies:
      domelementtype: 2.3.0

  domutils@3.1.0:
    dependencies:
      dom-serializer: 2.0.0
      domelementtype: 2.3.0
      domhandler: 5.0.3

  dotenv@16.4.5: {}

  encoding-sniffer@0.2.0:
    dependencies:
      iconv-lite: 0.6.3
      whatwg-encoding: 3.1.1

  entities@4.5.0: {}

  for-in@0.1.8: {}

  for-in@1.0.2: {}

  for-own@0.1.5:
    dependencies:
      for-in: 1.0.2

  fs-extra@10.1.0:
    dependencies:
      graceful-fs: 4.2.11
      jsonfile: 6.1.0
      universalify: 2.0.1

  fs.realpath@1.0.0: {}

  glob@7.2.3:
    dependencies:
      fs.realpath: 1.0.0
      inflight: 1.0.6
      inherits: 2.0.4
      minimatch: 3.1.2
      once: 1.4.0
      path-is-absolute: 1.0.1

  graceful-fs@4.2.11: {}

  htmlparser2@9.1.0:
    dependencies:
      domelementtype: 2.3.0
      domhandler: 5.0.3
      domutils: 3.1.0
      entities: 4.5.0

  iconv-lite@0.6.3:
    dependencies:
      safer-buffer: 2.1.2

  inflight@1.0.6:
    dependencies:
      once: 1.4.0
      wrappy: 1.0.2

  inherits@2.0.4: {}

  is-buffer@1.1.6: {}

  is-extendable@0.1.1: {}

  is-plain-object@2.0.4:
    dependencies:
      isobject: 3.0.1

  isobject@3.0.1: {}

  jsonfile@6.1.0:
    dependencies:
      universalify: 2.0.1
    optionalDependencies:
      graceful-fs: 4.2.11

  kind-of@2.0.1:
    dependencies:
      is-buffer: 1.1.6

  kind-of@3.2.2:
    dependencies:
      is-buffer: 1.1.6

  lazy-cache@0.2.7: {}

  lazy-cache@1.0.4: {}

  merge-deep@3.0.3:
    dependencies:
      arr-union: 3.1.0
      clone-deep: 0.2.4
      kind-of: 3.2.2

  minimatch@3.1.2:
    dependencies:
      brace-expansion: 1.1.11

  mixin-object@2.0.1:
    dependencies:
      for-in: 0.1.8
      is-extendable: 0.1.1

  ms@2.1.3: {}

  nth-check@2.1.1:
    dependencies:
      boolbase: 1.0.0

  once@1.4.0:
    dependencies:
      wrappy: 1.0.2

  parse5-htmlparser2-tree-adapter@7.0.0:
    dependencies:
      domhandler: 5.0.3
      parse5: 7.1.2

  parse5-parser-stream@7.1.2:
    dependencies:
      parse5: 7.1.2

  parse5@7.1.2:
    dependencies:
      entities: 4.5.0

  path-is-absolute@1.0.1: {}

  puppeteer-extra-plugin-stealth@2.11.2(puppeteer-extra@3.3.6):
    dependencies:
      debug: 4.3.7
      puppeteer-extra-plugin: 3.2.3(puppeteer-extra@3.3.6)
      puppeteer-extra-plugin-user-preferences: 2.4.1(puppeteer-extra@3.3.6)
    optionalDependencies:
      puppeteer-extra: 3.3.6
    transitivePeerDependencies:
      - supports-color

  puppeteer-extra-plugin-user-data-dir@2.4.1(puppeteer-extra@3.3.6):
    dependencies:
      debug: 4.3.7
      fs-extra: 10.1.0
      puppeteer-extra-plugin: 3.2.3(puppeteer-extra@3.3.6)
      rimraf: 3.0.2
    optionalDependencies:
      puppeteer-extra: 3.3.6
    transitivePeerDependencies:
      - supports-color

  puppeteer-extra-plugin-user-preferences@2.4.1(puppeteer-extra@3.3.6):
    dependencies:
      debug: 4.3.7
      deepmerge: 4.3.1
      puppeteer-extra-plugin: 3.2.3(puppeteer-extra@3.3.6)
      puppeteer-extra-plugin-user-data-dir: 2.4.1(puppeteer-extra@3.3.6)
    optionalDependencies:
      puppeteer-extra: 3.3.6
    transitivePeerDependencies:
      - supports-color

  puppeteer-extra-plugin@3.2.3(puppeteer-extra@3.3.6):
    dependencies:
      '@types/debug': 4.1.12
      debug: 4.3.7
      merge-deep: 3.0.3
    optionalDependencies:
      puppeteer-extra: 3.3.6
    transitivePeerDependencies:
      - supports-color

  puppeteer-extra@3.3.6:
    dependencies:
      '@types/debug': 4.1.12
      debug: 4.3.7
      deepmerge: 4.3.1
    transitivePeerDependencies:
      - supports-color

  rimraf@3.0.2:
    dependencies:
      glob: 7.2.3

  safer-buffer@2.1.2: {}

  shallow-clone@0.1.2:
    dependencies:
      is-extendable: 0.1.1
      kind-of: 2.0.1
      lazy-cache: 0.2.7
      mixin-object: 2.0.1

  undici@6.19.8: {}

  universalify@2.0.1: {}

  whatwg-encoding@3.1.1:
    dependencies:
      iconv-lite: 0.6.3

  whatwg-mimetype@4.0.0: {}

  wrappy@1.0.2: {}
